<?xml version="1.0" encoding="utf-8"?>
<Project ToolsVersion="4.0" xmlns="http://schemas.microsoft.com/developer/msbuild/2003">
  <ItemGroup>
    <Filter Include="Source Files">
      <UniqueIdentifier>{4FC737F1-C7A5-4376-A066-2A32D752A2FF}</UniqueIdentifier>
      <Extensions>cpp;c;cc;cxx;def;odl;idl;hpj;bat;asm;asmx</Extensions>
    </Filter>
    <Filter Include="Game">
      <UniqueIdentifier>{4be3c774-82e0-4635-b345-79a8518c1ba9}</UniqueIdentifier>
    </Filter>
    <Filter Include="Engine">
      <UniqueIdentifier>{e0fbe39e-dbc3-461d-9238-1e4de0e10fbc}</UniqueIdentifier>
    </Filter>
    <Filter Include="Levels">
      <UniqueIdentifier>{129357a7-79ca-425a-b806-16917b24fab3}</UniqueIdentifier>
    </Filter>
    <Filter Include="Assets">
      <UniqueIdentifier>{01fe7516-7f6d-4ac9-a21e-a2e6ff7b903c}</UniqueIdentifier>
    </Filter>
    <Filter Include="Menus">
      <UniqueIdentifier>{37cf5dd5-31a2-4f92-ab45-aa5104ed02fb}</UniqueIdentifier>
    </Filter>
    <Filter Include="Music">
      <UniqueIdentifier>{2e6de7e2-dc36-4faf-abe9-12eae0a6c612}</UniqueIdentifier>
    </Filter>
    <Filter Include="FMOD">
      <UniqueIdentifier>{88bc1ca5-4c3c-4d60-a880-10fd1f490788}</UniqueIdentifier>
    </Filter>
  </ItemGroup>
  <ItemGroup>
    <ClCompile Include="Codes\Main.c">
      <Filter>Source Files</Filter>
    </ClCompile>
    <ClCompile Include="Codes\Game.c">
      <Filter>Game</Filter>
    </ClCompile>
    <ClCompile Include="Codes\Input.c">
      <Filter>Engine</Filter>
    </ClCompile>
    <ClCompile Include="Codes\Console.c">
      <Filter>Engine</Filter>
    </ClCompile>
    <ClCompile Include="Codes\SpriteReference.c">
      <Filter>Game</Filter>
    </ClCompile>
    <ClCompile Include="Codes\Array Reader.c">
      <Filter>Game</Filter>
    </ClCompile>
    <ClCompile Include="Codes\Data Storage.c">
      <Filter>Engine</Filter>
    </ClCompile>
    <ClCompile Include="Codes\Enemy.c">
      <Filter>Game</Filter>
    </ClCompile>
    <ClCompile Include="Codes\GameStateManager.c">
      <Filter>Game</Filter>
    </ClCompile>
    <ClCompile Include="Codes\Torch.c">
      <Filter>Game</Filter>
    </ClCompile>
    <ClCompile Include="Codes\Trap.c">
      <Filter>Game</Filter>
    </ClCompile>
    <ClCompile Include="Codes\UI.c">
      <Filter>Game</Filter>
    </ClCompile>
    <ClCompile Include="Codes\SplashScreens.c">
      <Filter>Menus</Filter>
    </ClCompile>
    <ClCompile Include="Codes\PauseMenu.c">
      <Filter>Menus</Filter>
    </ClCompile>
    <ClCompile Include="Codes\Options.c">
      <Filter>Menus</Filter>
    </ClCompile>
    <ClCompile Include="Codes\MainMenu.c">
      <Filter>Menus</Filter>
    </ClCompile>
    <ClCompile Include="Codes\Credits.c">
      <Filter>Menus</Filter>
    </ClCompile>
    <ClCompile Include="Codes\VictoryScreen.c">
      <Filter>Menus</Filter>
    </ClCompile>
    <ClCompile Include="Codes\Music.c">
      <Filter>Game</Filter>
    </ClCompile>
  </ItemGroup>
  <ItemGroup>
    <ClInclude Include="Codes\Input.h">
      <Filter>Engine</Filter>
    </ClInclude>
    <ClInclude Include="Codes\Game.h">
      <Filter>Game</Filter>
    </ClInclude>
    <ClInclude Include="Codes\Console.h">
      <Filter>Engine</Filter>
    </ClInclude>
    <ClInclude Include="Codes\SpriteReference.h">
      <Filter>Game</Filter>
    </ClInclude>
    <ClInclude Include="Codes\Array Reader.h">
      <Filter>Game</Filter>
    </ClInclude>
    <ClInclude Include="Codes\Data Storage.h">
      <Filter>Engine</Filter>
    </ClInclude>
    <ClInclude Include="Codes\Enemy.h">
      <Filter>Game</Filter>
    </ClInclude>
    <ClInclude Include="Codes\GameStateManager.h">
      <Filter>Game</Filter>
    </ClInclude>
    <ClInclude Include="Codes\Torch.h">
      <Filter>Game</Filter>
    </ClInclude>
    <ClInclude Include="Codes\Trap.h">
      <Filter>Game</Filter>
    </ClInclude>
    <ClInclude Include="Codes\SplashScreens.h">
      <Filter>Menus</Filter>
    </ClInclude>
    <ClInclude Include="Codes\PauseMenu.h">
      <Filter>Menus</Filter>
    </ClInclude>
    <ClInclude Include="Codes\Options.h">
      <Filter>Menus</Filter>
    </ClInclude>
    <ClInclude Include="Codes\MainMenu.h">
      <Filter>Menus</Filter>
    </ClInclude>
    <ClInclude Include="Codes\VictoryScreen.h">
      <Filter>Menus</Filter>
    </ClInclude>
    <ClInclude Include="Codes\Music.h">
      <Filter>Game</Filter>
    </ClInclude>
    <ClInclude Include="..\inc\fmod_common.h">
      <Filter>FMOD</Filter>
    </ClInclude>
    <ClInclude Include="..\inc\fmod_dsp.h">
      <Filter>FMOD</Filter>
    </ClInclude>
    <ClInclude Include="..\inc\fmod_dsp_effects.h">
      <Filter>FMOD</Filter>
    </ClInclude>
    <ClInclude Include="..\inc\fmod_errors.h">
      <Filter>FMOD</Filter>
    </ClInclude>
    <ClInclude Include="..\inc\fmod_output.h">
      <Filter>FMOD</Filter>
    </ClInclude>
    <ClInclude Include="..\inc\fmod.h">
      <Filter>FMOD</Filter>
    </ClInclude>
    <ClInclude Include="..\inc\fmod_codec.h">
      <Filter>FMOD</Filter>
    </ClInclude>
  </ItemGroup>
  <ItemGroup>
    <Text Include="Levels\0.txt">
      <Filter>Levels</Filter>
    </Text>
    <Text Include="Assets\Logo.txt">
      <Filter>Assets</Filter>
    </Text>
    <Text Include="Assets\Options.txt">
      <Filter>Assets</Filter>
    </Text>
    <Text Include="Assets\Play.txt">
      <Filter>Assets</Filter>
    </Text>
    <Text Include="Assets\Credits.txt">
      <Filter>Assets</Filter>
    </Text>
    <Text Include="Assets\Exit.txt">
      <Filter>Assets</Filter>
    </Text>
    <ClInclude Include="Codes\UI.h">
      <Filter>Game</Filter>
    </ClInclude>
    <Text Include="Levels\1.txt">
      <Filter>Levels</Filter>
    </Text>
    <Text Include="Assets\Digipen.txt">
      <Filter>Assets</Filter>
    </Text>
    <Text Include="Assets\Studio.txt">
      <Filter>Assets</Filter>
    </Text>
    <Text Include="Levels\2.txt">
      <Filter>Levels</Filter>
    </Text>
    <Text Include="Assets\marcus.txt">
      <Filter>Assets</Filter>
    </Text>
    <Text Include="Assets\adam.txt">
      <Filter>Assets</Filter>
    </Text>
    <Text Include="Assets\clear.txt">
      <Filter>Assets</Filter>
    </Text>
    <Text Include="Assets\edwin.txt">
      <Filter>Assets</Filter>
    </Text>
    <Text Include="Assets\kailiang.txt">
      <Filter>Assets</Filter>
    </Text>
    <Text Include="Assets\kenny.txt">
      <Filter>Assets</Filter>
    </Text>
  </ItemGroup>
  <ItemGroup>
    <Media Include="Music\Ambience.wav">
      <Filter>Music</Filter>
    </Media>
    <Media Include="Music\Chasing.wav">
      <Filter>Music</Filter>
    </Media>
    <Media Include="Music\MainMenuLoop.wav">
      <Filter>Music</Filter>
    </Media>
    <Media Include="Music\Step1.wav">
      <Filter>Music</Filter>
    </Media>
    <Media Include="Music\Step2.wav">
      <Filter>Music</Filter>
    </Media>
    <Media Include="Music\Step3.wav">
      <Filter>Music</Filter>
    </Media>
    <Media Include="Music\Step4.wav">
      <Filter>Music</Filter>
    </Media>
  </ItemGroup>
  <ItemGroup>
    <Library Include="Codes\libfmodL.a">
      <Filter>FMOD</Filter>
    </Library>
    <Library Include="Codes\fmod_vc.lib">
      <Filter>FMOD</Filter>
    </Library>
    <Library Include="Codes\fmod64_vc.lib">
      <Filter>FMOD</Filter>
    </Library>
    <Library Include="Codes\fmodL_vc.lib">
      <Filter>FMOD</Filter>
    </Library>
    <Library Include="Codes\fmodL64_vc.lib">
      <Filter>FMOD</Filter>
    </Library>
    <Library Include="Codes\libfmod.a">
      <Filter>FMOD</Filter>
    </Library>
  </ItemGroup>
</Project>