<?xml version="1.0" encoding="utf-8"?>
<Project ToolsVersion="4.0" xmlns="http://schemas.microsoft.com/developer/msbuild/2003">
  <ItemGroup>
    <Filter Include="Source Files">
      <UniqueIdentifier>{4FC737F1-C7A5-4376-A066-2A32D752A2FF}</UniqueIdentifier>
      <Extensions>cpp;c;cc;cxx;def;odl;idl;hpj;bat;asm;asmx</Extensions>
    </Filter>
    <Filter Include="Game">
      <UniqueIdentifier>{4be3c774-82e0-4635-b345-79a8518c1ba9}</UniqueIdentifier>
    </Filter>
    <Filter Include="Engine">
      <UniqueIdentifier>{e0fbe39e-dbc3-461d-9238-1e4de0e10fbc}</UniqueIdentifier>
    </Filter>
    <Filter Include="Levels">
      <UniqueIdentifier>{129357a7-79ca-425a-b806-16917b24fab3}</UniqueIdentifier>
    </Filter>
    <Filter Include="Assets">
      <UniqueIdentifier>{01fe7516-7f6d-4ac9-a21e-a2e6ff7b903c}</UniqueIdentifier>
    </Filter>
  </ItemGroup>
  <ItemGroup>
    <ClCompile Include="Codes\Main.c">
      <Filter>Source Files</Filter>
    </ClCompile>
    <ClCompile Include="Codes\Game.c">
      <Filter>Game</Filter>
    </ClCompile>
    <ClCompile Include="Codes\Input.c">
      <Filter>Engine</Filter>
    </ClCompile>
    <ClCompile Include="Codes\Console.c">
      <Filter>Engine</Filter>
    </ClCompile>
    <ClCompile Include="Codes\SpriteReference.c">
      <Filter>Game</Filter>
    </ClCompile>
    <ClCompile Include="Codes\Array Reader.c">
      <Filter>Game</Filter>
    </ClCompile>
    <ClCompile Include="Codes\Data Storage.c">
      <Filter>Engine</Filter>
    </ClCompile>
    <ClCompile Include="Codes\Enemy.c">
      <Filter>Game</Filter>
    </ClCompile>
    <ClCompile Include="Codes\MainMenu.c">
      <Filter>Game</Filter>
    </ClCompile>
    <ClCompile Include="Codes\GameStateManager.c">
      <Filter>Game</Filter>
    </ClCompile>
    <ClCompile Include="Codes\Torch.c">
      <Filter>Game</Filter>
    </ClCompile>
    <ClCompile Include="Codes\Options.c">
      <Filter>Game</Filter>
    </ClCompile>
    <ClCompile Include="Codes\PauseMenu.c">
      <Filter>Game</Filter>
    </ClCompile>
    <ClCompile Include="Codes\Trap.c">
      <Filter>Game</Filter>
    </ClCompile>
  </ItemGroup>
  <ItemGroup>
    <ClInclude Include="Codes\Input.h">
      <Filter>Engine</Filter>
    </ClInclude>
    <ClInclude Include="Codes\Game.h">
      <Filter>Game</Filter>
    </ClInclude>
    <ClInclude Include="Codes\Console.h">
      <Filter>Engine</Filter>
    </ClInclude>
    <ClInclude Include="Codes\SpriteReference.h">
      <Filter>Game</Filter>
    </ClInclude>
    <ClInclude Include="Codes\Array Reader.h">
      <Filter>Game</Filter>
    </ClInclude>
    <ClInclude Include="Codes\Data Storage.h">
      <Filter>Engine</Filter>
    </ClInclude>
    <ClInclude Include="Codes\Enemy.h">
      <Filter>Game</Filter>
    </ClInclude>
    <ClInclude Include="Codes\MainMenu.h">
      <Filter>Game</Filter>
    </ClInclude>
    <ClInclude Include="Codes\GameStateManager.h">
      <Filter>Game</Filter>
    </ClInclude>
    <ClInclude Include="Codes\Torch.h">
      <Filter>Game</Filter>
    </ClInclude>
    <ClInclude Include="Codes\PauseMenu.h">
      <Filter>Game</Filter>
    </ClInclude>
    <ClInclude Include="Codes\Trap.h">
      <Filter>Game</Filter>
    </ClInclude>
  </ItemGroup>
  <ItemGroup>
    <Text Include="Levels\0.txt">
      <Filter>Levels</Filter>
    </Text>
    <Text Include="Assets\Logo.txt">
      <Filter>Assets</Filter>
    </Text>
    <Text Include="Assets\Options.txt">
      <Filter>Assets</Filter>
    </Text>
    <Text Include="Assets\Play.txt">
      <Filter>Assets</Filter>
    </Text>
    <Text Include="Assets\Credits.txt">
      <Filter>Assets</Filter>
    </Text>
    <Text Include="Assets\Exit.txt">
      <Filter>Assets</Filter>
    </Text>
    <ClInclude Include="Codes\Options.h">
      <Filter>Game</Filter>
    </ClInclude>
  </ItemGroup>
</Project>